version = 1
revision = 1
requires-python = ">=3.13"

[[package]]
name = "clean-url"
version = "0.1.0"
source = { virtual = "." }
dependencies = [
    { name = "cleanurl" },
    { name = "validators" },
]

[package.metadata]
requires-dist = [
    { name = "cleanurl", specifier = ">=0.1.15" },
    { name = "validators", specifier = ">=0.35.0" },
]

[[package]]
name = "cleanurl"
version = "0.1.15"
source = { registry = "https://pypi.org/simple" }
dependencies = [
    { name = "langcodes" },
]
sdist = { url = "https://files.pythonhosted.org/packages/92/fb/bf71e2b1060f36fb26f1b62f26f8a9d27c13a95b9a86310118f963071619/cleanurl-0.1.15.tar.gz", hash = "sha256:e05e9fe59491a5df51dd4a08015d82259cdd1c2fe2f6b573205d8ec09877bbaa", size = 18287 }
wheels = [
    { url = "https://files.pythonhosted.org/packages/e6/d9/32b98ad854a35cde655f462d0d0fc55ae052188eb54c7c835dfb8dd0b35e/cleanurl-0.1.15-py3-none-any.whl", hash = "sha256:24edd6f8d4d01b8781c709b122e0f0d55defa081535ef416f7f04aaedf9bde7a", size = 18637 },
]

[[package]]
name = "langcodes"
version = "3.5.0"
source = { registry = "https://pypi.org/simple" }
dependencies = [
    { name = "language-data" },
]
sdist = { url = "https://files.pythonhosted.org/packages/3a/7a/5a97e327063409a5caa21541e6d08ae4a0f2da328447e9f2c7b39e179226/langcodes-3.5.0.tar.gz", hash = "sha256:1eef8168d07e51e131a2497ffecad4b663f6208e7c3ae3b8dc15c51734a6f801", size = 191030 }
wheels = [
    { url = "https://files.pythonhosted.org/packages/c3/6b/068c2ea7a712bf805c62445bd9e9c06d7340358ef2824150eceac027444b/langcodes-3.5.0-py3-none-any.whl", hash = "sha256:853c69d1a35e0e13da2f427bb68fb2fa4a8f4fb899e0c62ad8df8d073dcfed33", size = 182974 },
]

[[package]]
name = "language-data"
version = "1.3.0"
source = { registry = "https://pypi.org/simple" }
dependencies = [
    { name = "marisa-trie" },
]
sdist = { url = "https://files.pythonhosted.org/packages/dd/ce/3f144716a9f2cbf42aa86ebc8b085a184be25c80aa453eea17c294d239c1/language_data-1.3.0.tar.gz", hash = "sha256:7600ef8aa39555145d06c89f0c324bf7dab834ea0b0a439d8243762e3ebad7ec", size = 5129310 }
wheels = [
    { url = "https://files.pythonhosted.org/packages/5d/e9/5a5ffd9b286db82be70d677d0a91e4d58f7912bb8dd026ddeeb4abe70679/language_data-1.3.0-py3-none-any.whl", hash = "sha256:e2ee943551b5ae5f89cd0e801d1fc3835bb0ef5b7e9c3a4e8e17b2b214548fbf", size = 5385760 },
]

[[package]]
name = "marisa-trie"
version = "1.2.1"
source = { registry = "https://pypi.org/simple" }
dependencies = [
    { name = "setuptools" },
]
sdist = { url = "https://files.pythonhosted.org/packages/31/15/9d9743897e4450b2de199ee673b50cb018980c4ced477d41cf91304a85e3/marisa_trie-1.2.1.tar.gz", hash = "sha256:3a27c408e2aefc03e0f1d25b2ff2afb85aac3568f6fa2ae2a53b57a2e87ce29d", size = 416124 }
wheels = [
    { url = "https://files.pythonhosted.org/packages/2a/a4/a110cd9952f0e72da7bafea1f0084b18b9e03952110d9083bfda52279f5c/marisa_trie-1.2.1-cp313-cp313-macosx_10_13_universal2.whl", hash = "sha256:b5ea16e69bfda0ac028c921b58de1a4aaf83d43934892977368579cd3c0a2554", size = 354439 },
    { url = "https://files.pythonhosted.org/packages/3c/a5/a6099eb1c3fd8d7e93408c45501e1d08536ac57dfef02ec331f78e1ace18/marisa_trie-1.2.1-cp313-cp313-macosx_10_13_x86_64.whl", hash = "sha256:9f627f4e41be710b6cb6ed54b0128b229ac9d50e2054d9cde3af0fef277c23cf", size = 188187 },
    { url = "https://files.pythonhosted.org/packages/7c/cc/f637127e2beffa920d21f7fc45b4029575bcd1b28a90c0d90cb2b08c2205/marisa_trie-1.2.1-cp313-cp313-macosx_11_0_arm64.whl", hash = "sha256:5e649f3dc8ab5476732094f2828cc90cac3be7c79bc0c8318b6fda0c1d248db4", size = 171484 },
    { url = "https://files.pythonhosted.org/packages/6d/0f/29f2ad7260b956570f69f25a542efa51ba76eb76ecd53c63ee9d21987c3d/marisa_trie-1.2.1-cp313-cp313-manylinux_2_17_aarch64.manylinux2014_aarch64.whl", hash = "sha256:46e528ee71808c961baf8c3ce1c46a8337ec7a96cc55389d11baafe5b632f8e9", size = 1319770 },
    { url = "https://files.pythonhosted.org/packages/f2/12/0b69ed61fba59551a5f3d569af367afae614db7214ce1da12946ba9a433a/marisa_trie-1.2.1-cp313-cp313-manylinux_2_17_x86_64.manylinux2014_x86_64.whl", hash = "sha256:36aa4401a1180615f74d575571a6550081d84fc6461e9aefc0bb7b2427af098e", size = 1356488 },
    { url = "https://files.pythonhosted.org/packages/33/23/483b110db7ffe8729d6ebea2bf74258aef51f10fef5775f99e4bac7aef69/marisa_trie-1.2.1-cp313-cp313-manylinux_2_5_i686.manylinux1_i686.manylinux_2_17_i686.manylinux2014_i686.whl", hash = "sha256:ce59bcd2cda9bb52b0e90cc7f36413cd86c3d0ce7224143447424aafb9f4aa48", size = 1302334 },
    { url = "https://files.pythonhosted.org/packages/1c/6f/46c2be99ce925985127fdf78900f1673bce8cb72debfebee6dccd11032c6/marisa_trie-1.2.1-cp313-cp313-musllinux_1_2_aarch64.whl", hash = "sha256:f4cd800704a5fc57e53c39c3a6b0c9b1519ebdbcb644ede3ee67a06eb542697d", size = 2202624 },
    { url = "https://files.pythonhosted.org/packages/fd/b6/ef642327dbd4ec35be55d5682520b8f70fca98a54024f441ef2732f6b305/marisa_trie-1.2.1-cp313-cp313-musllinux_1_2_i686.whl", hash = "sha256:2428b495003c189695fb91ceeb499f9fcced3a2dce853e17fa475519433c67ff", size = 2364206 },
    { url = "https://files.pythonhosted.org/packages/69/04/ef8197a79d0ab5043b781cc9b457bd11b81d4204fe78adf7625a67f48c21/marisa_trie-1.2.1-cp313-cp313-musllinux_1_2_x86_64.whl", hash = "sha256:735c363d9aaac82eaf516a28f7c6b95084c2e176d8231c87328dc80e112a9afa", size = 2304801 },
    { url = "https://files.pythonhosted.org/packages/03/72/f87564d653daf31d8f33d9bf0121e99ccc21f18f5c485fb404ba06abc10e/marisa_trie-1.2.1-cp313-cp313-win32.whl", hash = "sha256:eba6ca45500ca1a042466a0684aacc9838e7f20fe2605521ee19f2853062798f", size = 128799 },
    { url = "https://files.pythonhosted.org/packages/27/40/5f9eb8b73030cc4b0d6817176e66079a62a2ddd9d5530da54f8011473428/marisa_trie-1.2.1-cp313-cp313-win_amd64.whl", hash = "sha256:aa7cd17e1c690ce96c538b2f4aae003d9a498e65067dd433c52dd069009951d4", size = 149035 },
]

[[package]]
name = "setuptools"
version = "80.9.0"
source = { registry = "https://pypi.org/simple" }
sdist = { url = "https://files.pythonhosted.org/packages/18/5d/3bf57dcd21979b887f014ea83c24ae194cfcd12b9e0fda66b957c69d1fca/setuptools-80.9.0.tar.gz", hash = "sha256:f36b47402ecde768dbfafc46e8e4207b4360c654f1f3bb84475f0a28628fb19c", size = 1319958 }
wheels = [
    { url = "https://files.pythonhosted.org/packages/a3/dc/17031897dae0efacfea57dfd3a82fdd2a2aeb58e0ff71b77b87e44edc772/setuptools-80.9.0-py3-none-any.whl", hash = "sha256:062d34222ad13e0cc312a4c02d73f059e86a4acbfbdea8f8f76b28c99f306922", size = 1201486 },
]

[[package]]
name = "validators"
version = "0.35.0"
source = { registry = "https://pypi.org/simple" }
sdist = { url = "https://files.pythonhosted.org/packages/53/66/a435d9ae49850b2f071f7ebd8119dd4e84872b01630d6736761e6e7fd847/validators-0.35.0.tar.gz", hash = "sha256:992d6c48a4e77c81f1b4daba10d16c3a9bb0dbb79b3a19ea847ff0928e70497a", size = 73399 }
wheels = [
    { url = "https://files.pythonhosted.org/packages/fa/6e/3e955517e22cbdd565f2f8b2e73d52528b14b8bcfdb04f62466b071de847/validators-0.35.0-py3-none-any.whl", hash = "sha256:e8c947097eae7892cb3d26868d637f79f47b4a0554bc6b80065dfe5aac3705dd", size = 44712 },
]
